
Microsoft Visual Studio Solution File, Format Version 12.00
# Visual Studio 14
VisualStudioVersion = 14.0.23107.0
MinimumVisualStudioVersion = 10.0.40219.1
Project("{FAE04EC0-301F-11D3-BF4B-00C04F79EFBC}") = "MyTeletouch", "MyTeletouch\MyTeletouch.csproj", "{669D7416-4B2C-46B4-8247-D8221785579D}"
EndProject
Project("{FAE04EC0-301F-11D3-BF4B-00C04F79EFBC}") = "MyTeletouch.Tests", "MyTeletouch.Tests\MyTeletouch.Tests.csproj", "{994700E0-B793-4238-9137-87FE3A320949}"
EndProject
Global
	GlobalSection(SolutionConfigurationPlatforms) = preSolution
		Debug|Any CPU = Debug|Any CPU
		Release|Any CPU = Release|Any CPU
	EndGlobalSection
	GlobalSection(ProjectConfigurationPlatforms) = postSolution
		{669D7416-4B2C-46B4-8247-D8221785579D}.Debug|Any CPU.ActiveCfg = Debug|Any CPU
		{669D7416-4B2C-46B4-8247-D8221785579D}.Debug|Any CPU.Build.0 = Debug|Any CPU
		{669D7416-4B2C-46B4-8247-D8221785579D}.Release|Any CPU.ActiveCfg = Release|Any CPU
		{669D7416-4B2C-46B4-8247-D8221785579D}.Release|Any CPU.Build.0 = Release|Any CPU
		{994700E0-B793-4238-9137-87FE3A320949}.Debug|Any CPU.ActiveCfg = Debug|Any CPU
		{994700E0-B793-4238-9137-87FE3A320949}.Debug|Any CPU.Build.0 = Debug|Any CPU
		{994700E0-B793-4238-9137-87FE3A320949}.Release|Any CPU.ActiveCfg = Release|Any CPU
		{994700E0-B793-4238-9137-87FE3A320949}.Release|Any CPU.Build.0 = Release|Any CPU
	EndGlobalSection
	GlobalSection(SolutionProperties) = preSolution
		HideSolutionNode = FALSE
	EndGlobalSection
EndGlobal
